Microsoft Visual Studio Solution File, Format Version 11.00
# Visual Studio 2008

Project("{409EC327-7403-F5AD-8F56-27F8308E9175}") = "Scarecrow", "Assembly-CSharp.csproj", "{ACDBFEFE-23B8-E38E-1FD6-387B0FD992F4}"
EndProject
Global
	GlobalSection(SolutionConfigurationPlatforms) = preSolution
		Debug|Any CPU = Debug|Any CPU
		Release|Any CPU = Release|Any CPU
	EndGlobalSection
	GlobalSection(ProjectConfigurationPlatforms) = postSolution
		{ACDBFEFE-23B8-E38E-1FD6-387B0FD992F4}.Debug|Any CPU.ActiveCfg = Debug|Any CPU
		{ACDBFEFE-23B8-E38E-1FD6-387B0FD992F4}.Debug|Any CPU.Build.0 = Debug|Any CPU
		{ACDBFEFE-23B8-E38E-1FD6-387B0FD992F4}.Release|Any CPU.ActiveCfg = Release|Any CPU
		{ACDBFEFE-23B8-E38E-1FD6-387B0FD992F4}.Release|Any CPU.Build.0 = Release|Any CPU
	EndGlobalSection
	GlobalSection(SolutionProperties) = preSolution
		HideSolutionNode = FALSE
	EndGlobalSection
																																	GlobalSection(MonoDevelopProperties) = preSolution
=======
																						GlobalSection(MonoDevelopProperties) = preSolution
>>>>>>> 5d5b1a339fbeb47c94f4b5c722bb6c3b168536d9
=======
																		GlobalSection(MonoDevelopProperties) = preSolution
>>>>>>> 90ac0764b19b8d020b844298f27d9d1104c562e0
		StartupItem = Assembly-CSharp.csproj
		Policies = $0
		$0.TextStylePolicy = $1
		$1.inheritsSet = null
		$1.scope = text/x-csharp
		$0.CSharpFormattingPolicy = $2
		$2.inheritsSet = Mono
		$2.inheritsScope = text/x-csharp
		$2.scope = text/x-csharp
		$0.TextStylePolicy = $3
		$3.FileWidth = 120
		$3.TabWidth = 4
		$3.IndentWidth = 4
		$3.EolMarker = Unix
		$3.inheritsSet = Mono
		$3.inheritsScope = text/plain
		$3.scope = text/plain
	EndGlobalSection

EndGlobal
